
Microsoft Visual Studio Solution File, Format Version 12.00
# Visual Studio Version 16
VisualStudioVersion = 16.0.30204.135
MinimumVisualStudioVersion = 10.0.40219.1
Project("{9A19103F-16F7-4668-BE54-9A1E7A4F7556}") = "ShopCore31.UI", "ShopCore31.UI\ShopCore31.UI.csproj", "{C0F0803A-3CA2-4BCB-AFC3-76E22565B2EB}"
EndProject
Project("{9A19103F-16F7-4668-BE54-9A1E7A4F7556}") = "ShopCore31.Domain", "ShopCore31.Domain\ShopCore31.Domain.csproj", "{EA1B5544-464E-4BAE-BC43-78A90648B912}"
EndProject
Project("{9A19103F-16F7-4668-BE54-9A1E7A4F7556}") = "ShopCore31.Application", "ShopCore31.Application\ShopCore31.Application.csproj", "{2EBCF618-F8B8-4409-8A17-2D7C7BC1FF1B}"
EndProject
Project("{9A19103F-16F7-4668-BE54-9A1E7A4F7556}") = "ShopCore31.Database", "ShopCore31.Database\ShopCore31.Database.csproj", "{0D7DEECE-AA40-4258-B857-EC6F43D7DDC8}"
EndProject
Global
	GlobalSection(SolutionConfigurationPlatforms) = preSolution
		Debug|Any CPU = Debug|Any CPU
		Release|Any CPU = Release|Any CPU
	EndGlobalSection
	GlobalSection(ProjectConfigurationPlatforms) = postSolution
		{C0F0803A-3CA2-4BCB-AFC3-76E22565B2EB}.Debug|Any CPU.ActiveCfg = Debug|Any CPU
		{C0F0803A-3CA2-4BCB-AFC3-76E22565B2EB}.Debug|Any CPU.Build.0 = Debug|Any CPU
		{C0F0803A-3CA2-4BCB-AFC3-76E22565B2EB}.Release|Any CPU.ActiveCfg = Release|Any CPU
		{C0F0803A-3CA2-4BCB-AFC3-76E22565B2EB}.Release|Any CPU.Build.0 = Release|Any CPU
		{EA1B5544-464E-4BAE-BC43-78A90648B912}.Debug|Any CPU.ActiveCfg = Debug|Any CPU
		{EA1B5544-464E-4BAE-BC43-78A90648B912}.Debug|Any CPU.Build.0 = Debug|Any CPU
		{EA1B5544-464E-4BAE-BC43-78A90648B912}.Release|Any CPU.ActiveCfg = Release|Any CPU
		{EA1B5544-464E-4BAE-BC43-78A90648B912}.Release|Any CPU.Build.0 = Release|Any CPU
		{2EBCF618-F8B8-4409-8A17-2D7C7BC1FF1B}.Debug|Any CPU.ActiveCfg = Debug|Any CPU
		{2EBCF618-F8B8-4409-8A17-2D7C7BC1FF1B}.Debug|Any CPU.Build.0 = Debug|Any CPU
		{2EBCF618-F8B8-4409-8A17-2D7C7BC1FF1B}.Release|Any CPU.ActiveCfg = Release|Any CPU
		{2EBCF618-F8B8-4409-8A17-2D7C7BC1FF1B}.Release|Any CPU.Build.0 = Release|Any CPU
		{0D7DEECE-AA40-4258-B857-EC6F43D7DDC8}.Debug|Any CPU.ActiveCfg = Debug|Any CPU
		{0D7DEECE-AA40-4258-B857-EC6F43D7DDC8}.Debug|Any CPU.Build.0 = Debug|Any CPU
		{0D7DEECE-AA40-4258-B857-EC6F43D7DDC8}.Release|Any CPU.ActiveCfg = Release|Any CPU
		{0D7DEECE-AA40-4258-B857-EC6F43D7DDC8}.Release|Any CPU.Build.0 = Release|Any CPU
	EndGlobalSection
	GlobalSection(SolutionProperties) = preSolution
		HideSolutionNode = FALSE
	EndGlobalSection
	GlobalSection(ExtensibilityGlobals) = postSolution
		SolutionGuid = {F10C31C9-F572-4758-A536-8BCBCC522DBE}
	EndGlobalSection
EndGlobal
